
Microsoft Visual Studio Solution File, Format Version 12.00
# Visual Studio Version 17
VisualStudioVersion = 17.4.33103.184
MinimumVisualStudioVersion = 10.0.40219.1
Project("{8BC9CEB8-8B4A-11D0-8D11-00A0C91BC942}") = "Samosgin-407", "Samosgin-407\Samosgin-407.vcxproj", "{DE7FD42B-697E-4145-B097-1AD142AE8017}"
EndProject
Global
	GlobalSection(SolutionConfigurationPlatforms) = preSolution
		Debug|x64 = Debug|x64
		Debug|x86 = Debug|x86
		Release|x64 = Release|x64
		Release|x86 = Release|x86
	EndGlobalSection
	GlobalSection(ProjectConfigurationPlatforms) = postSolution
		{DE7FD42B-697E-4145-B097-1AD142AE8017}.Debug|x64.ActiveCfg = Debug|x64
		{DE7FD42B-697E-4145-B097-1AD142AE8017}.Debug|x64.Build.0 = Debug|x64
		{DE7FD42B-697E-4145-B097-1AD142AE8017}.Debug|x86.ActiveCfg = Debug|Win32
		{DE7FD42B-697E-4145-B097-1AD142AE8017}.Debug|x86.Build.0 = Debug|Win32
		{DE7FD42B-697E-4145-B097-1AD142AE8017}.Release|x64.ActiveCfg = Release|x64
		{DE7FD42B-697E-4145-B097-1AD142AE8017}.Release|x64.Build.0 = Release|x64
		{DE7FD42B-697E-4145-B097-1AD142AE8017}.Release|x86.ActiveCfg = Release|Win32
		{DE7FD42B-697E-4145-B097-1AD142AE8017}.Release|x86.Build.0 = Release|Win32
	EndGlobalSection
	GlobalSection(SolutionProperties) = preSolution
		HideSolutionNode = FALSE
	EndGlobalSection
	GlobalSection(ExtensibilityGlobals) = postSolution
		SolutionGuid = {2AAA4B35-79B4-4DC5-80B6-122BDCAF507E}
	EndGlobalSection
EndGlobal
